{
  "nodes": {
    "appimage-file-rt": {
      "flake": false,
      "locked": {
        "narHash": "sha256-x7idb7szr0eko4/n0SgFh1rn87e26JtcOFdU3Ljtn80=",
        "type": "file",
        "url": "https://github.com/realthunder/FreeCAD/releases/download/20241003stable/FreeCAD-Link-Stable-Linux-x86_64-py3.11-20241003.AppImage"
      },
      "original": {
        "type": "file",
        "url": "https://github.com/realthunder/FreeCAD/releases/download/20241003stable/FreeCAD-Link-Stable-Linux-x86_64-py3.11-20241003.AppImage"
      }
    },
    "appimage-file-weekly": {
      "flake": false,
      "locked": {
        "narHash": "sha256-nBPMNebq3wqjmTnBq/ZROdfI6OcawrJ9qGva9zVYcjM=",
        "type": "file",
        "url": "https://github.com/FreeCAD/FreeCAD/releases/download/weekly-2026.06.03/FreeCAD_weekly-2026.06.03-Linux-x86_64.AppImage"
      },
      "original": {
        "type": "file",
        "url": "https://github.com/FreeCAD/FreeCAD/releases/download/weekly-2026.06.03/FreeCAD_weekly-2026.06.03-Linux-x86_64.AppImage"
      }
    },
    "astocad-src": {
      "flake": false,
      "locked": {
        "lastModified": 1780517235,
        "narHash": "sha256-UvcMBnTbuw9CuMc5F5WxljgJVfEv1Q8AaRCNx5souKs=",
        "ref": "AstoCAD",
        "rev": "625967042ffa42fafc4a8303ff42950e1dfa08c4",
        "revCount": 47181,
        "submodules": true,
        "type": "git",
        "url": "https://github.com/AstoCAD/FreeCAD"
      },
      "original": {
        "ref": "AstoCAD",
        "submodules": true,
        "type": "git",
        "url": "https://github.com/AstoCAD/FreeCAD"
      }
    },
    "freecad-src": {
      "flake": false,
      "locked": {
        "lastModified": 1780581168,
        "narHash": "sha256-jMq3+cbdfZF7aURAHJMBAMCowkC5RqRf90HH5DQ3cJc=",
        "ref": "main",
        "rev": "afa3bbe86c37687728336bfcca14b9779115f19e",
        "revCount": 47124,
        "submodules": true,
        "type": "git",
        "url": "https://github.com/FreeCAD/FreeCAD"
      },
      "original": {
        "ref": "main",
        "submodules": true,
        "type": "git",
        "url": "https://github.com/FreeCAD/FreeCAD"
      }
    },
    "nixpkgs": {
      "locked": {
        "lastModified": 1780453794,
        "narHash": "sha256-bXMRa9VTsHSPXL4Cw8R6JJLQeY3Y/IP4+YJCYVmQ7FY=",
        "owner": "NixOS",
        "repo": "nixpkgs",
        "rev": "6b316287bae2ee04c9b93c8c858d930fd07d7338",
        "type": "github"
      },
      "original": {
        "owner": "NixOS",
        "ref": "nixos-26.05",
        "repo": "nixpkgs",
        "type": "github"
      }
    },
    "root": {
      "inputs": {
        "appimage-file-rt": "appimage-file-rt",
        "appimage-file-weekly": "appimage-file-weekly",
        "astocad-src": "astocad-src",
        "freecad-src": "freecad-src",
        "nixpkgs": "nixpkgs"
      }
    }
  },
  "root": "root",
  "version": 7
}
