{
  "nodes": {
    "appimage-file-rt": {
      "flake": false,
      "locked": {
        "narHash": "sha256-n1SAlhgEvkklYJdfzij9Gbn/fgQL9n1n2TTlc0R7QZk=",
        "type": "file",
        "url": "https://github.com/realthunder/FreeCAD/releases/download/Tip/FreeCAD-Link-Tip-Linux-x86_64-py3.11-20251015.AppImage"
      },
      "original": {
        "type": "file",
        "url": "https://github.com/realthunder/FreeCAD/releases/download/Tip/FreeCAD-Link-Tip-Linux-x86_64-py3.11-20251015.AppImage"
      }
    },
    "appimage-file-stable": {
      "flake": false,
      "locked": {
        "narHash": "sha256-HtQtNlaa53QxK025VQw+XEMviRRNiKGSal75Q6lWHTg=",
        "type": "file",
        "url": "https://github.com/FreeCAD/FreeCAD/releases/download/1.1.3/FreeCAD_1.1.3-Linux-x86_64-py311.AppImage"
      },
      "original": {
        "type": "file",
        "url": "https://github.com/FreeCAD/FreeCAD/releases/download/1.1.3/FreeCAD_1.1.3-Linux-x86_64-py311.AppImage"
      }
    },
    "appimage-file-weekly": {
      "flake": false,
      "locked": {
        "narHash": "sha256-8wL0dTsjscbHRWHEgGTXdkB/2D9JtuVzt13UEFNJihA=",
        "type": "file",
        "url": "https://github.com/FreeCAD/FreeCAD/releases/download/weekly-2026.07.22/FreeCAD_weekly-2026.07.22-Linux-x86_64.AppImage"
      },
      "original": {
        "type": "file",
        "url": "https://github.com/FreeCAD/FreeCAD/releases/download/weekly-2026.07.22/FreeCAD_weekly-2026.07.22-Linux-x86_64.AppImage"
      }
    },
    "astocad-src": {
      "flake": false,
      "locked": {
        "lastModified": 1785156106,
        "narHash": "sha256-9dVaog4MX8l/9+nLMQsLIzuntlGJt7trkzr3B4kUEnw=",
        "ref": "AstoCAD",
        "rev": "3e657edbbab7c303ff3ecdda580fac80f4322e84",
        "revCount": 47916,
        "submodules": true,
        "type": "git",
        "url": "https://github.com/AstoCAD/FreeCAD"
      },
      "original": {
        "ref": "AstoCAD",
        "submodules": true,
        "type": "git",
        "url": "https://github.com/AstoCAD/FreeCAD"
      }
    },
    "freecad-src": {
      "flake": false,
      "locked": {
        "lastModified": 1785167060,
        "narHash": "sha256-SQRC14i7gyKlGU5teHsNwDwE0qeiUSBzYJZj6TWpd94=",
        "ref": "main",
        "rev": "6438b1bbee1a92e905a4d3263ed69595a22b2faa",
        "revCount": 47840,
        "submodules": true,
        "type": "git",
        "url": "https://github.com/FreeCAD/FreeCAD"
      },
      "original": {
        "ref": "main",
        "submodules": true,
        "type": "git",
        "url": "https://github.com/FreeCAD/FreeCAD"
      }
    },
    "nixpkgs": {
      "locked": {
        "lastModified": 1785104993,
        "narHash": "sha256-eKbrvPoAOFutbYMdbB3r5EQVmFxKv24iKqHPPUXA0gM=",
        "owner": "NixOS",
        "repo": "nixpkgs",
        "rev": "8623c4c20aa4ca2f5fb81510d2944066c3fb0d96",
        "type": "github"
      },
      "original": {
        "owner": "NixOS",
        "ref": "nixos-26.05",
        "repo": "nixpkgs",
        "type": "github"
      }
    },
    "root": {
      "inputs": {
        "appimage-file-rt": "appimage-file-rt",
        "appimage-file-stable": "appimage-file-stable",
        "appimage-file-weekly": "appimage-file-weekly",
        "astocad-src": "astocad-src",
        "freecad-src": "freecad-src",
        "nixpkgs": "nixpkgs"
      }
    }
  },
  "root": "root",
  "version": 7
}
