{
  "nodes": {
    "appimage-file-rt": {
      "flake": false,
      "locked": {
        "narHash": "sha256-n1SAlhgEvkklYJdfzij9Gbn/fgQL9n1n2TTlc0R7QZk=",
        "type": "file",
        "url": "https://github.com/realthunder/FreeCAD/releases/download/Tip/FreeCAD-Link-Tip-Linux-x86_64-py3.11-20251015.AppImage"
      },
      "original": {
        "type": "file",
        "url": "https://github.com/realthunder/FreeCAD/releases/download/Tip/FreeCAD-Link-Tip-Linux-x86_64-py3.11-20251015.AppImage"
      }
    },
    "appimage-file-stable": {
      "flake": false,
      "locked": {
        "narHash": "sha256-HtQtNlaa53QxK025VQw+XEMviRRNiKGSal75Q6lWHTg=",
        "type": "file",
        "url": "https://github.com/FreeCAD/FreeCAD/releases/download/1.1.3/FreeCAD_1.1.3-Linux-x86_64-py311.AppImage"
      },
      "original": {
        "type": "file",
        "url": "https://github.com/FreeCAD/FreeCAD/releases/download/1.1.3/FreeCAD_1.1.3-Linux-x86_64-py311.AppImage"
      }
    },
    "appimage-file-weekly": {
      "flake": false,
      "locked": {
        "narHash": "sha256-ht6pQIcpB4AowrqI7twBHqebkME3BJkjPojf+JkOekI=",
        "type": "file",
        "url": "https://github.com/FreeCAD/FreeCAD/releases/download/weekly-2026.09.23/FreeCAD_weekly-2026.09.23-Linux-x86_64.AppImage"
      },
      "original": {
        "type": "file",
        "url": "https://github.com/FreeCAD/FreeCAD/releases/download/weekly-2026.09.23/FreeCAD_weekly-2026.09.23-Linux-x86_64.AppImage"
      }
    },
    "astocad-dev-src": {
      "flake": false,
      "locked": {
        "lastModified": 1764253218,
        "narHash": "sha256-ydBaY1bdMmin81bccTVd//7oeQEGEMJKMKiVIFBvH1k=",
        "type": "tarball",
        "url": "https://github.com/AstoCAD/FreeCAD/releases/download/weekly-builds/freecad_source.tar.gz"
      },
      "original": {
        "type": "tarball",
        "url": "https://github.com/AstoCAD/FreeCAD/releases/download/weekly-builds/freecad_source.tar.gz"
      }
    },
    "freecad-dev-src": {
      "flake": false,
      "locked": {
        "lastModified": 1790543281,
        "narHash": "sha256-SQDFqopZSF/MCdZQ0oHNZyKitCwAIkmVDQvZZ/oUqJ4=",
        "ref": "main",
        "rev": "6985a96a2d85750f7e4f37b8acd3194bf175c287",
        "revCount": 48953,
        "submodules": true,
        "type": "git",
        "url": "https://github.com/FreeCAD/FreeCAD"
      },
      "original": {
        "ref": "main",
        "submodules": true,
        "type": "git",
        "url": "https://github.com/FreeCAD/FreeCAD"
      }
    },
    "freecad-stable-src": {
      "flake": false,
      "locked": {
        "lastModified": 1784955372,
        "narHash": "sha256-qJLm4MA3Fs+GmUte1gsdCo5jHkpd5fNrZ9a5ZH+tb+4=",
        "type": "tarball",
        "url": "https://github.com/FreeCAD/FreeCAD/releases/download/1.1.3/freecad_source_1.1.3.tar.gz"
      },
      "original": {
        "type": "tarball",
        "url": "https://github.com/FreeCAD/FreeCAD/releases/download/1.1.3/freecad_source_1.1.3.tar.gz"
      }
    },
    "nixpkgs": {
      "locked": {
        "lastModified": 1790450978,
        "narHash": "sha256-/eLCD/X9kaWJqPR47+fDozEC87Hjmm3i8gJbYmDAD7g=",
        "owner": "NixOS",
        "repo": "nixpkgs",
        "rev": "5e2305d577ca00acbba631b05cb1094d172b29f3",
        "type": "github"
      },
      "original": {
        "owner": "NixOS",
        "ref": "nixos-26.05",
        "repo": "nixpkgs",
        "type": "github"
      }
    },
    "root": {
      "inputs": {
        "appimage-file-rt": "appimage-file-rt",
        "appimage-file-stable": "appimage-file-stable",
        "appimage-file-weekly": "appimage-file-weekly",
        "astocad-dev-src": "astocad-dev-src",
        "freecad-dev-src": "freecad-dev-src",
        "freecad-stable-src": "freecad-stable-src",
        "nixpkgs": "nixpkgs"
      }
    }
  },
  "root": "root",
  "version": 7
}
